// !$*UTF8*$!
{
	archiveVersion = 1;
	classes = {
	};
	objectVersion = 46;
	objects = {

/* Begin PBXBuildFile section */
		4CA115C21BFC7A5D00E02C88 /* MessageTableViewCell.m in Sources */ = {isa = PBXBuildFile; fileRef = 4CA115C11BFC7A5D00E02C88 /* MessageTableViewCell.m */; };
		4CBB6C7F1C006490004E3DB1 /* MessageViewController.m in Sources */ = {isa = PBXBuildFile; fileRef = 4CBB6C7E1C006490004E3DB1 /* MessageViewController.m */; };
		4CBB6C821C006ACB004E3DB1 /* ModelData.m in Sources */ = {isa = PBXBuildFile; fileRef = 4CBB6C811C006ACB004E3DB1 /* ModelData.m */; };
		4CE058E11BFB03CC001A3CAA /* main.m in Sources */ = {isa = PBXBuildFile; fileRef = 4CE058E01BFB03CC001A3CAA /* main.m */; };
		4CE058E41BFB03CC001A3CAA /* AppDelegate.m in Sources */ = {isa = PBXBuildFile; fileRef = 4CE058E31BFB03CC001A3CAA /* AppDelegate.m */; };
		4CE058E71BFB03CC001A3CAA /* ViewController.m in Sources */ = {isa = PBXBuildFile; fileRef = 4CE058E61BFB03CC001A3CAA /* ViewController.m */; };
		4CE058EC1BFB03CC001A3CAA /* Assets.xcassets in Resources */ = {isa = PBXBuildFile; fileRef = 4CE058EB1BFB03CC001A3CAA /* Assets.xcassets */; };
		4CE058EF1BFB03CC001A3CAA /* LaunchScreen.storyboard in Resources */ = {isa = PBXBuildFile; fileRef = 4CE058ED1BFB03CC001A3CAA /* LaunchScreen.storyboard */; };
		4CE058FA1BFB03CC001A3CAA /* Talk2MeTests.m in Sources */ = {isa = PBXBuildFile; fileRef = 4CE058F91BFB03CC001A3CAA /* Talk2MeTests.m */; };
		4CE059051BFB03CC001A3CAA /* Talk2MeUITests.m in Sources */ = {isa = PBXBuildFile; fileRef = 4CE059041BFB03CC001A3CAA /* Talk2MeUITests.m */; };
		4CE059161BFC2C66001A3CAA /* MessageTextView.m in Sources */ = {isa = PBXBuildFile; fileRef = 4CE059151BFC2C66001A3CAA /* MessageTextView.m */; };
		4CE059191BFC2E1F001A3CAA /* Message.m in Sources */ = {isa = PBXBuildFile; fileRef = 4CE059181BFC2E1F001A3CAA /* Message.m */; };
		750A3F5E52DDD281EA900B34 /* libPods.a in Frameworks */ = {isa = PBXBuildFile; fileRef = 8E0854111A8D5F92D7B4D36B /* libPods.a */; };
/* End PBXBuildFile section */

/* Begin PBXContainerItemProxy section */
		4CE058F61BFB03CC001A3CAA /* PBXContainerItemProxy */ = {
			isa = PBXContainerItemProxy;
			containerPortal = 4CE058D41BFB03CC001A3CAA /* Project object */;
			proxyType = 1;
			remoteGlobalIDString = 4CE058DB1BFB03CC001A3CAA;
			remoteInfo = Talk2Me;
		};
		4CE059011BFB03CC001A3CAA /* PBXContainerItemProxy */ = {
			isa = PBXContainerItemProxy;
			containerPortal = 4CE058D41BFB03CC001A3CAA /* Project object */;
			proxyType = 1;
			remoteGlobalIDString = 4CE058DB1BFB03CC001A3CAA;
			remoteInfo = Talk2Me;
		};
/* End PBXContainerItemProxy section */

/* Begin PBXFileReference section */
		4CA115C01BFC7A5D00E02C88 /* MessageTableViewCell.h */ = {isa = PBXFileReference; fileEncoding = 4; lastKnownFileType = sourcecode.c.h; path = MessageTableViewCell.h; sourceTree = "<group>"; };
		4CA115C11BFC7A5D00E02C88 /* MessageTableViewCell.m */ = {isa = PBXFileReference; fileEncoding = 4; lastKnownFileType = sourcecode.c.objc; path = MessageTableViewCell.m; sourceTree = "<group>"; };
		4CBB6C7D1C006490004E3DB1 /* MessageViewController.h */ = {isa = PBXFileReference; fileEncoding = 4; lastKnownFileType = sourcecode.c.h; path = MessageViewController.h; sourceTree = "<group>"; };
		4CBB6C7E1C006490004E3DB1 /* MessageViewController.m */ = {isa = PBXFileReference; fileEncoding = 4; lastKnownFileType = sourcecode.c.objc; path = MessageViewController.m; sourceTree = "<group>"; };
		4CBB6C801C006ACB004E3DB1 /* ModelData.h */ = {isa = PBXFileReference; fileEncoding = 4; lastKnownFileType = sourcecode.c.h; path = ModelData.h; sourceTree = "<group>"; };
		4CBB6C811C006ACB004E3DB1 /* ModelData.m */ = {isa = PBXFileReference; fileEncoding = 4; lastKnownFileType = sourcecode.c.objc; path = ModelData.m; sourceTree = "<group>"; };
		4CE058DC1BFB03CC001A3CAA /* Talk2Me.app */ = {isa = PBXFileReference; explicitFileType = wrapper.application; includeInIndex = 0; path = Talk2Me.app; sourceTree = BUILT_PRODUCTS_DIR; };
		4CE058E01BFB03CC001A3CAA /* main.m */ = {isa = PBXFileReference; lastKnownFileType = sourcecode.c.objc; path = main.m; sourceTree = "<group>"; };
		4CE058E21BFB03CC001A3CAA /* AppDelegate.h */ = {isa = PBXFileReference; lastKnownFileType = sourcecode.c.h; path = AppDelegate.h; sourceTree = "<group>"; };
		4CE058E31BFB03CC001A3CAA /* AppDelegate.m */ = {isa = PBXFileReference; lastKnownFileType = sourcecode.c.objc; path = AppDelegate.m; sourceTree = "<group>"; };
		4CE058E51BFB03CC001A3CAA /* ViewController.h */ = {isa = PBXFileReference; lastKnownFileType = sourcecode.c.h; path = ViewController.h; sourceTree = "<group>"; };
		4CE058E61BFB03CC001A3CAA /* ViewController.m */ = {isa = PBXFileReference; lastKnownFileType = sourcecode.c.objc; path = ViewController.m; sourceTree = "<group>"; };
		4CE058EB1BFB03CC001A3CAA /* Assets.xcassets */ = {isa = PBXFileReference; lastKnownFileType = folder.assetcatalog; path = Assets.xcassets; sourceTree = "<group>"; };
		4CE058EE1BFB03CC001A3CAA /* Base */ = {isa = PBXFileReference; lastKnownFileType = file.storyboard; name = Base; path = Base.lproj/LaunchScreen.storyboard; sourceTree = "<group>"; };
		4CE058F01BFB03CC001A3CAA /* Info.plist */ = {isa = PBXFileReference; lastKnownFileType = text.plist.xml; path = Info.plist; sourceTree = "<group>"; };
		4CE058F51BFB03CC001A3CAA /* Talk2MeTests.xctest */ = {isa = PBXFileReference; explicitFileType = wrapper.cfbundle; includeInIndex = 0; path = Talk2MeTests.xctest; sourceTree = BUILT_PRODUCTS_DIR; };
		4CE058F91BFB03CC001A3CAA /* Talk2MeTests.m */ = {isa = PBXFileReference; lastKnownFileType = sourcecode.c.objc; path = Talk2MeTests.m; sourceTree = "<group>"; };
		4CE058FB1BFB03CC001A3CAA /* Info.plist */ = {isa = PBXFileReference; lastKnownFileType = text.plist.xml; path = Info.plist; sourceTree = "<group>"; };
		4CE059001BFB03CC001A3CAA /* Talk2MeUITests.xctest */ = {isa = PBXFileReference; explicitFileType = wrapper.cfbundle; includeInIndex = 0; path = Talk2MeUITests.xctest; sourceTree = BUILT_PRODUCTS_DIR; };
		4CE059041BFB03CC001A3CAA /* Talk2MeUITests.m */ = {isa = PBXFileReference; lastKnownFileType = sourcecode.c.objc; path = Talk2MeUITests.m; sourceTree = "<group>"; };
		4CE059061BFB03CC001A3CAA /* Info.plist */ = {isa = PBXFileReference; lastKnownFileType = text.plist.xml; path = Info.plist; sourceTree = "<group>"; };
		4CE059141BFC2C66001A3CAA /* MessageTextView.h */ = {isa = PBXFileReference; fileEncoding = 4; lastKnownFileType = sourcecode.c.h; path = MessageTextView.h; sourceTree = "<group>"; };
		4CE059151BFC2C66001A3CAA /* MessageTextView.m */ = {isa = PBXFileReference; fileEncoding = 4; lastKnownFileType = sourcecode.c.objc; path = MessageTextView.m; sourceTree = "<group>"; };
		4CE059171BFC2E1F001A3CAA /* Message.h */ = {isa = PBXFileReference; fileEncoding = 4; lastKnownFileType = sourcecode.c.h; path = Message.h; sourceTree = "<group>"; };
		4CE059181BFC2E1F001A3CAA /* Message.m */ = {isa = PBXFileReference; fileEncoding = 4; lastKnownFileType = sourcecode.c.objc; path = Message.m; sourceTree = "<group>"; };
		7941A42DBDDA5A8A273D5193 /* Pods.debug.xcconfig */ = {isa = PBXFileReference; includeInIndex = 1; lastKnownFileType = text.xcconfig; name = Pods.debug.xcconfig; path = "Pods/Target Support Files/Pods/Pods.debug.xcconfig"; sourceTree = "<group>"; };
		833290905F21E444AEF6A26E /* Pods.release.xcconfig */ = {isa = PBXFileReference; includeInIndex = 1; lastKnownFileType = text.xcconfig; name = Pods.release.xcconfig; path = "Pods/Target Support Files/Pods/Pods.release.xcconfig"; sourceTree = "<group>"; };
		8E0854111A8D5F92D7B4D36B /* libPods.a */ = {isa = PBXFileReference; explicitFileType = archive.ar; includeInIndex = 0; path = libPods.a; sourceTree = BUILT_PRODUCTS_DIR; };
/* End PBXFileReference section */

/* Begin PBXFrameworksBuildPhase section */
		4CE058D91BFB03CC001A3CAA /* Frameworks */ = {
			isa = PBXFrameworksBuildPhase;
			buildActionMask = 2147483647;
			files = (
				750A3F5E52DDD281EA900B34 /* libPods.a in Frameworks */,
			);
			runOnlyForDeploymentPostprocessing = 0;
		};
		4CE058F21BFB03CC001A3CAA /* Frameworks */ = {
			isa = PBXFrameworksBuildPhase;
			buildActionMask = 2147483647;
			files = (
			);
			runOnlyForDeploymentPostprocessing = 0;
		};
		4CE058FD1BFB03CC001A3CAA /* Frameworks */ = {
			isa = PBXFrameworksBuildPhase;
			buildActionMask = 2147483647;
			files = (
			);
			runOnlyForDeploymentPostprocessing = 0;
		};
/* End PBXFrameworksBuildPhase section */

/* Begin PBXGroup section */
		3EA81A3C7978586CC28FD9E3 /* Frameworks */ = {
			isa = PBXGroup;
			children = (
				8E0854111A8D5F92D7B4D36B /* libPods.a */,
			);
			name = Frameworks;
			sourceTree = "<group>";
		};
		4CE058D31BFB03CC001A3CAA = {
			isa = PBXGroup;
			children = (
				4CE058DE1BFB03CC001A3CAA /* Talk2Me */,
				4CE058F81BFB03CC001A3CAA /* Talk2MeTests */,
				4CE059031BFB03CC001A3CAA /* Talk2MeUITests */,
				4CE058DD1BFB03CC001A3CAA /* Products */,
				5C0D51D4E53759454A69E2E8 /* Pods */,
				3EA81A3C7978586CC28FD9E3 /* Frameworks */,
			);
			sourceTree = "<group>";
		};
		4CE058DD1BFB03CC001A3CAA /* Products */ = {
			isa = PBXGroup;
			children = (
				4CE058DC1BFB03CC001A3CAA /* Talk2Me.app */,
				4CE058F51BFB03CC001A3CAA /* Talk2MeTests.xctest */,
				4CE059001BFB03CC001A3CAA /* Talk2MeUITests.xctest */,
			);
			name = Products;
			sourceTree = "<group>";
		};
		4CE058DE1BFB03CC001A3CAA /* Talk2Me */ = {
			isa = PBXGroup;
			children = (
				4CE058E21BFB03CC001A3CAA /* AppDelegate.h */,
				4CE058E31BFB03CC001A3CAA /* AppDelegate.m */,
				4CE058E51BFB03CC001A3CAA /* ViewController.h */,
				4CE058E61BFB03CC001A3CAA /* ViewController.m */,
				4CE059141BFC2C66001A3CAA /* MessageTextView.h */,
				4CE059151BFC2C66001A3CAA /* MessageTextView.m */,
				4CE059171BFC2E1F001A3CAA /* Message.h */,
				4CE059181BFC2E1F001A3CAA /* Message.m */,
				4CA115C01BFC7A5D00E02C88 /* MessageTableViewCell.h */,
				4CA115C11BFC7A5D00E02C88 /* MessageTableViewCell.m */,
				4CBB6C7D1C006490004E3DB1 /* MessageViewController.h */,
				4CBB6C7E1C006490004E3DB1 /* MessageViewController.m */,
				4CBB6C801C006ACB004E3DB1 /* ModelData.h */,
				4CBB6C811C006ACB004E3DB1 /* ModelData.m */,
				4CE058EB1BFB03CC001A3CAA /* Assets.xcassets */,
				4CE058ED1BFB03CC001A3CAA /* LaunchScreen.storyboard */,
				4CE058F01BFB03CC001A3CAA /* Info.plist */,
				4CE058DF1BFB03CC001A3CAA /* Supporting Files */,
			);
			path = Talk2Me;
			sourceTree = "<group>";
		};
		4CE058DF1BFB03CC001A3CAA /* Supporting Files */ = {
			isa = PBXGroup;
			children = (
				4CE058E01BFB03CC001A3CAA /* main.m */,
			);
			name = "Supporting Files";
			sourceTree = "<group>";
		};
		4CE058F81BFB03CC001A3CAA /* Talk2MeTests */ = {
			isa = PBXGroup;
			children = (
				4CE058F91BFB03CC001A3CAA /* Talk2MeTests.m */,
				4CE058FB1BFB03CC001A3CAA /* Info.plist */,
			);
			path = Talk2MeTests;
			sourceTree = "<group>";
		};
		4CE059031BFB03CC001A3CAA /* Talk2MeUITests */ = {
			isa = PBXGroup;
			children = (
				4CE059041BFB03CC001A3CAA /* Talk2MeUITests.m */,
				4CE059061BFB03CC001A3CAA /* Info.plist */,
			);
			path = Talk2MeUITests;
			sourceTree = "<group>";
		};
		5C0D51D4E53759454A69E2E8 /* Pods */ = {
			isa = PBXGroup;
			children = (
				7941A42DBDDA5A8A273D5193 /* Pods.debug.xcconfig */,
				833290905F21E444AEF6A26E /* Pods.release.xcconfig */,
			);
			name = Pods;
			sourceTree = "<group>";
		};
/* End PBXGroup section */

/* Begin PBXNativeTarget section */
		4CE058DB1BFB03CC001A3CAA /* Talk2Me */ = {
			isa = PBXNativeTarget;
			buildConfigurationList = 4CE059091BFB03CC001A3CAA /* Build configuration list for PBXNativeTarget "Talk2Me" */;
			buildPhases = (
				BCA6533F71EA39D0F89F61C7 /* Check Pods Manifest.lock */,
				4CE058D81BFB03CC001A3CAA /* Sources */,
				4CE058D91BFB03CC001A3CAA /* Frameworks */,
				4CE058DA1BFB03CC001A3CAA /* Resources */,
				03B17C92C9325B117F25EF33 /* Embed Pods Frameworks */,
				1551AAB086A3285A7C39163B /* Copy Pods Resources */,
			);
			buildRules = (
			);
			dependencies = (
			);
			name = Talk2Me;
			productName = Talk2Me;
			productReference = 4CE058DC1BFB03CC001A3CAA /* Talk2Me.app */;
			productType = "com.apple.product-type.application";
		};
		4CE058F41BFB03CC001A3CAA /* Talk2MeTests */ = {
			isa = PBXNativeTarget;
			buildConfigurationList = 4CE0590C1BFB03CC001A3CAA /* Build configuration list for PBXNativeTarget "Talk2MeTests" */;
			buildPhases = (
				4CE058F11BFB03CC001A3CAA /* Sources */,
				4CE058F21BFB03CC001A3CAA /* Frameworks */,
				4CE058F31BFB03CC001A3CAA /* Resources */,
			);
			buildRules = (
			);
			dependencies = (
				4CE058F71BFB03CC001A3CAA /* PBXTargetDependency */,
			);
			name = Talk2MeTests;
			productName = Talk2MeTests;
			productReference = 4CE058F51BFB03CC001A3CAA /* Talk2MeTests.xctest */;
			productType = "com.apple.product-type.bundle.unit-test";
		};
		4CE058FF1BFB03CC001A3CAA /* Talk2MeUITests */ = {
			isa = PBXNativeTarget;
			buildConfigurationList = 4CE0590F1BFB03CC001A3CAA /* Build configuration list for PBXNativeTarget "Talk2MeUITests" */;
			buildPhases = (
				4CE058FC1BFB03CC001A3CAA /* Sources */,
				4CE058FD1BFB03CC001A3CAA /* Frameworks */,
				4CE058FE1BFB03CC001A3CAA /* Resources */,
			);
			buildRules = (
			);
			dependencies = (
				4CE059021BFB03CC001A3CAA /* PBXTargetDependency */,
			);
			name = Talk2MeUITests;
			productName = Talk2MeUITests;
			productReference = 4CE059001BFB03CC001A3CAA /* Talk2MeUITests.xctest */;
			productType = "com.apple.product-type.bundle.ui-testing";
		};
/* End PBXNativeTarget section */

/* Begin PBXProject section */
		4CE058D41BFB03CC001A3CAA /* Project object */ = {
			isa = PBXProject;
			attributes = {
				LastUpgradeCheck = 0710;
				ORGANIZATIONNAME = Michael;
				TargetAttributes = {
					4CE058DB1BFB03CC001A3CAA = {
						CreatedOnToolsVersion = 7.1;
					};
					4CE058F41BFB03CC001A3CAA = {
						CreatedOnToolsVersion = 7.1;
						TestTargetID = 4CE058DB1BFB03CC001A3CAA;
					};
					4CE058FF1BFB03CC001A3CAA = {
						CreatedOnToolsVersion = 7.1;
						TestTargetID = 4CE058DB1BFB03CC001A3CAA;
					};
				};
			};
			buildConfigurationList = 4CE058D71BFB03CC001A3CAA /* Build configuration list for PBXProject "Talk2Me" */;
			compatibilityVersion = "Xcode 3.2";
			developmentRegion = English;
			hasScannedForEncodings = 0;
			knownRegions = (
				en,
				Base,
			);
			mainGroup = 4CE058D31BFB03CC001A3CAA;
			productRefGroup = 4CE058DD1BFB03CC001A3CAA /* Products */;
			projectDirPath = "";
			projectRoot = "";
			targets = (
				4CE058DB1BFB03CC001A3CAA /* Talk2Me */,
				4CE058F41BFB03CC001A3CAA /* Talk2MeTests */,
				4CE058FF1BFB03CC001A3CAA /* Talk2MeUITests */,
			);
		};
/* End PBXProject section */

/* Begin PBXResourcesBuildPhase section */
		4CE058DA1BFB03CC001A3CAA /* Resources */ = {
			isa = PBXResourcesBuildPhase;
			buildActionMask = 2147483647;
			files = (
				4CE058EF1BFB03CC001A3CAA /* LaunchScreen.storyboard in Resources */,
				4CE058EC1BFB03CC001A3CAA /* Assets.xcassets in Resources */,
			);
			runOnlyForDeploymentPostprocessing = 0;
		};
		4CE058F31BFB03CC001A3CAA /* Resources */ = {
			isa = PBXResourcesBuildPhase;
			buildActionMask = 2147483647;
			files = (
			);
			runOnlyForDeploymentPostprocessing = 0;
		};
		4CE058FE1BFB03CC001A3CAA /* Resources */ = {
			isa = PBXResourcesBuildPhase;
			buildActionMask = 2147483647;
			files = (
			);
			runOnlyForDeploymentPostprocessing = 0;
		};
/* End PBXResourcesBuildPhase section */

/* Begin PBXShellScriptBuildPhase section */
		03B17C92C9325B117F25EF33 /* Embed Pods Frameworks */ = {
			isa = PBXShellScriptBuildPhase;
			buildActionMask = 2147483647;
			files = (
			);
			inputPaths = (
			);
			name = "Embed Pods Frameworks";
			outputPaths = (
			);
			runOnlyForDeploymentPostprocessing = 0;
			shellPath = /bin/sh;
			shellScript = "\"${SRCROOT}/Pods/Target Support Files/Pods/Pods-frameworks.sh\"\n";
			showEnvVarsInLog = 0;
		};
		1551AAB086A3285A7C39163B /* Copy Pods Resources */ = {
			isa = PBXShellScriptBuildPhase;
			buildActionMask = 2147483647;
			files = (
			);
			inputPaths = (
			);
			name = "Copy Pods Resources";
			outputPaths = (
			);
			runOnlyForDeploymentPostprocessing = 0;
			shellPath = /bin/sh;
			shellScript = "\"${SRCROOT}/Pods/Target Support Files/Pods/Pods-resources.sh\"\n";
			showEnvVarsInLog = 0;
		};
		BCA6533F71EA39D0F89F61C7 /* Check Pods Manifest.lock */ = {
			isa = PBXShellScriptBuildPhase;
			buildActionMask = 2147483647;
			files = (
			);
			inputPaths = (
			);
			name = "Check Pods Manifest.lock";
			outputPaths = (
			);
			runOnlyForDeploymentPostprocessing = 0;
			shellPath = /bin/sh;
			shellScript = "diff \"${PODS_ROOT}/../Podfile.lock\" \"${PODS_ROOT}/Manifest.lock\" > /dev/null\nif [[ $? != 0 ]] ; then\n    cat << EOM\nerror: The sandbox is not in sync with the Podfile.lock. Run 'pod install' or update your CocoaPods installation.\nEOM\n    exit 1\nfi\n";
			showEnvVarsInLog = 0;
		};
/* End PBXShellScriptBuildPhase section */

/* Begin PBXSourcesBuildPhase section */
		4CE058D81BFB03CC001A3CAA /* Sources */ = {
			isa = PBXSourcesBuildPhase;
			buildActionMask = 2147483647;
			files = (
				4CE058E71BFB03CC001A3CAA /* ViewController.m in Sources */,
				4CBB6C821C006ACB004E3DB1 /* ModelData.m in Sources */,
				4CE059161BFC2C66001A3CAA /* MessageTextView.m in Sources */,
				4CE059191BFC2E1F001A3CAA /* Message.m in Sources */,
				4CE058E41BFB03CC001A3CAA /* AppDelegate.m in Sources */,
				4CE058E11BFB03CC001A3CAA /* main.m in Sources */,
				4CA115C21BFC7A5D00E02C88 /* MessageTableViewCell.m in Sources */,
				4CBB6C7F1C006490004E3DB1 /* MessageViewController.m in Sources */,
			);
			runOnlyForDeploymentPostprocessing = 0;
		};
		4CE058F11BFB03CC001A3CAA /* Sources */ = {
			isa = PBXSourcesBuildPhase;
			buildActionMask = 2147483647;
			files = (
				4CE058FA1BFB03CC001A3CAA /* Talk2MeTests.m in Sources */,
			);
			runOnlyForDeploymentPostprocessing = 0;
		};
		4CE058FC1BFB03CC001A3CAA /* Sources */ = {
			isa = PBXSourcesBuildPhase;
			buildActionMask = 2147483647;
			files = (
				4CE059051BFB03CC001A3CAA /* Talk2MeUITests.m in Sources */,
			);
			runOnlyForDeploymentPostprocessing = 0;
		};
/* End PBXSourcesBuildPhase section */

/* Begin PBXTargetDependency section */
		4CE058F71BFB03CC001A3CAA /* PBXTargetDependency */ = {
			isa = PBXTargetDependency;
			target = 4CE058DB1BFB03CC001A3CAA /* Talk2Me */;
			targetProxy = 4CE058F61BFB03CC001A3CAA /* PBXContainerItemProxy */;
		};
		4CE059021BFB03CC001A3CAA /* PBXTargetDependency */ = {
			isa = PBXTargetDependency;
			target = 4CE058DB1BFB03CC001A3CAA /* Talk2Me */;
			targetProxy = 4CE059011BFB03CC001A3CAA /* PBXContainerItemProxy */;
		};
/* End PBXTargetDependency section */

/* Begin PBXVariantGroup section */
		4CE058ED1BFB03CC001A3CAA /* LaunchScreen.storyboard */ = {
			isa = PBXVariantGroup;
			children = (
				4CE058EE1BFB03CC001A3CAA /* Base */,
			);
			name = LaunchScreen.storyboard;
			sourceTree = "<group>";
		};
/* End PBXVariantGroup section */

/* Begin XCBuildConfiguration section */
		4CE059071BFB03CC001A3CAA /* Debug */ = {
			isa = XCBuildConfiguration;
			buildSettings = {
				ALWAYS_SEARCH_USER_PATHS = NO;
				CLANG_CXX_LANGUAGE_STANDARD = "gnu++0x";
				CLANG_CXX_LIBRARY = "libc++";
				CLANG_ENABLE_MODULES = YES;
				CLANG_ENABLE_OBJC_ARC = YES;
				CLANG_WARN_BOOL_CONVERSION = YES;
				CLANG_WARN_CONSTANT_CONVERSION = YES;
				CLANG_WARN_DIRECT_OBJC_ISA_USAGE = YES_ERROR;
				CLANG_WARN_EMPTY_BODY = YES;
				CLANG_WARN_ENUM_CONVERSION = YES;
				CLANG_WARN_INT_CONVERSION = YES;
				CLANG_WARN_OBJC_ROOT_CLASS = YES_ERROR;
				CLANG_WARN_UNREACHABLE_CODE = YES;
				CLANG_WARN__DUPLICATE_METHOD_MATCH = YES;
				"CODE_SIGN_IDENTITY[sdk=iphoneos*]" = "iPhone Developer";
				COPY_PHASE_STRIP = NO;
				DEBUG_INFORMATION_FORMAT = dwarf;
				ENABLE_STRICT_OBJC_MSGSEND = YES;
				ENABLE_TESTABILITY = YES;
				GCC_C_LANGUAGE_STANDARD = gnu99;
				GCC_DYNAMIC_NO_PIC = NO;
				GCC_NO_COMMON_BLOCKS = YES;
				GCC_OPTIMIZATION_LEVEL = 0;
				GCC_PREPROCESSOR_DEFINITIONS = (
					"DEBUG=1",
					"$(inherited)",
				);
				GCC_WARN_64_TO_32_BIT_CONVERSION = YES;
				GCC_WARN_ABOUT_RETURN_TYPE = YES_ERROR;
				GCC_WARN_UNDECLARED_SELECTOR = YES;
				GCC_WARN_UNINITIALIZED_AUTOS = YES_AGGRESSIVE;
				GCC_WARN_UNUSED_FUNCTION = YES;
				GCC_WARN_UNUSED_VARIABLE = YES;
				IPHONEOS_DEPLOYMENT_TARGET = 9.1;
				MTL_ENABLE_DEBUG_INFO = YES;
				ONLY_ACTIVE_ARCH = YES;
				SDKROOT = iphoneos;
			};
			name = Debug;
		};
		4CE059081BFB03CC001A3CAA /* Release */ = {
			isa = XCBuildConfiguration;
			buildSettings = {
				ALWAYS_SEARCH_USER_PATHS = NO;
				CLANG_CXX_LANGUAGE_STANDARD = "gnu++0x";
				CLANG_CXX_LIBRARY = "libc++";
				CLANG_ENABLE_MODULES = YES;
				CLANG_ENABLE_OBJC_ARC = YES;
				CLANG_WARN_BOOL_CONVERSION = YES;
				CLANG_WARN_CONSTANT_CONVERSION = YES;
				CLANG_WARN_DIRECT_OBJC_ISA_USAGE = YES_ERROR;
				CLANG_WARN_EMPTY_BODY = YES;
				CLANG_WARN_ENUM_CONVERSION = YES;
				CLANG_WARN_INT_CONVERSION = YES;
				CLANG_WARN_OBJC_ROOT_CLASS = YES_ERROR;
				CLANG_WARN_UNREACHABLE_CODE = YES;
				CLANG_WARN__DUPLICATE_METHOD_MATCH = YES;
				"CODE_SIGN_IDENTITY[sdk=iphoneos*]" = "iPhone Developer";
				COPY_PHASE_STRIP = NO;
				DEBUG_INFORMATION_FORMAT = "dwarf-with-dsym";
				ENABLE_NS_ASSERTIONS = NO;
				ENABLE_STRICT_OBJC_MSGSEND = YES;
				GCC_C_LANGUAGE_STANDARD = gnu99;
				GCC_NO_COMMON_BLOCKS = YES;
				GCC_WARN_64_TO_32_BIT_CONVERSION = YES;
				GCC_WARN_ABOUT_RETURN_TYPE = YES_ERROR;
				GCC_WARN_UNDECLARED_SELECTOR = YES;
				GCC_WARN_UNINITIALIZED_AUTOS = YES_AGGRESSIVE;
				GCC_WARN_UNUSED_FUNCTION = YES;
				GCC_WARN_UNUSED_VARIABLE = YES;
				IPHONEOS_DEPLOYMENT_TARGET = 9.1;
				MTL_ENABLE_DEBUG_INFO = NO;
				SDKROOT = iphoneos;
				VALIDATE_PRODUCT = YES;
			};
			name = Release;
		};
		4CE0590A1BFB03CC001A3CAA /* Debug */ = {
			isa = XCBuildConfiguration;
			baseConfigurationReference = 7941A42DBDDA5A8A273D5193 /* Pods.debug.xcconfig */;
			buildSettings = {
				ASSETCATALOG_COMPILER_APPICON_NAME = AppIcon;
				INFOPLIST_FILE = Talk2Me/Info.plist;
				LD_RUNPATH_SEARCH_PATHS = "$(inherited) @executable_path/Frameworks";
				PRODUCT_BUNDLE_IDENTIFIER = com.Michael.Talk2Me;
				PRODUCT_NAME = "$(TARGET_NAME)";
			};
			name = Debug;
		};
		4CE0590B1BFB03CC001A3CAA /* Release */ = {
			isa = XCBuildConfiguration;
			baseConfigurationReference = 833290905F21E444AEF6A26E /* Pods.release.xcconfig */;
			buildSettings = {
				ASSETCATALOG_COMPILER_APPICON_NAME = AppIcon;
				INFOPLIST_FILE = Talk2Me/Info.plist;
				LD_RUNPATH_SEARCH_PATHS = "$(inherited) @executable_path/Frameworks";
				PRODUCT_BUNDLE_IDENTIFIER = com.Michael.Talk2Me;
				PRODUCT_NAME = "$(TARGET_NAME)";
			};
			name = Release;
		};
		4CE0590D1BFB03CC001A3CAA /* Debug */ = {
			isa = XCBuildConfiguration;
			buildSettings = {
				BUNDLE_LOADER = "$(TEST_HOST)";
				INFOPLIST_FILE = Talk2MeTests/Info.plist;
				LD_RUNPATH_SEARCH_PATHS = "$(inherited) @executable_path/Frameworks @loader_path/Frameworks";
				PRODUCT_BUNDLE_IDENTIFIER = com.Michael.Talk2MeTests;
				PRODUCT_NAME = "$(TARGET_NAME)";
				TEST_HOST = "$(BUILT_PRODUCTS_DIR)/Talk2Me.app/Talk2Me";
			};
			name = Debug;
		};
		4CE0590E1BFB03CC001A3CAA /* Release */ = {
			isa = XCBuildConfiguration;
			buildSettings = {
				BUNDLE_LOADER = "$(TEST_HOST)";
				INFOPLIST_FILE = Talk2MeTests/Info.plist;
				LD_RUNPATH_SEARCH_PATHS = "$(inherited) @executable_path/Frameworks @loader_path/Frameworks";
				PRODUCT_BUNDLE_IDENTIFIER = com.Michael.Talk2MeTests;
				PRODUCT_NAME = "$(TARGET_NAME)";
				TEST_HOST = "$(BUILT_PRODUCTS_DIR)/Talk2Me.app/Talk2Me";
			};
			name = Release;
		};
		4CE059101BFB03CC001A3CAA /* Debug */ = {
			isa = XCBuildConfiguration;
			buildSettings = {
				INFOPLIST_FILE = Talk2MeUITests/Info.plist;
				LD_RUNPATH_SEARCH_PATHS = "$(inherited) @executable_path/Frameworks @loader_path/Frameworks";
				PRODUCT_BUNDLE_IDENTIFIER = com.Michael.Talk2MeUITests;
				PRODUCT_NAME = "$(TARGET_NAME)";
				TEST_TARGET_NAME = Talk2Me;
				USES_XCTRUNNER = YES;
			};
			name = Debug;
		};
		4CE059111BFB03CC001A3CAA /* Release */ = {
			isa = XCBuildConfiguration;
			buildSettings = {
				INFOPLIST_FILE = Talk2MeUITests/Info.plist;
				LD_RUNPATH_SEARCH_PATHS = "$(inherited) @executable_path/Frameworks @loader_path/Frameworks";
				PRODUCT_BUNDLE_IDENTIFIER = com.Michael.Talk2MeUITests;
				PRODUCT_NAME = "$(TARGET_NAME)";
				TEST_TARGET_NAME = Talk2Me;
				USES_XCTRUNNER = YES;
			};
			name = Release;
		};
/* End XCBuildConfiguration section */

/* Begin XCConfigurationList section */
		4CE058D71BFB03CC001A3CAA /* Build configuration list for PBXProject "Talk2Me" */ = {
			isa = XCConfigurationList;
			buildConfigurations = (
				4CE059071BFB03CC001A3CAA /* Debug */,
				4CE059081BFB03CC001A3CAA /* Release */,
			);
			defaultConfigurationIsVisible = 0;
			defaultConfigurationName = Release;
		};
		4CE059091BFB03CC001A3CAA /* Build configuration list for PBXNativeTarget "Talk2Me" */ = {
			isa = XCConfigurationList;
			buildConfigurations = (
				4CE0590A1BFB03CC001A3CAA /* Debug */,
				4CE0590B1BFB03CC001A3CAA /* Release */,
			);
			defaultConfigurationIsVisible = 0;
			defaultConfigurationName = Release;
		};
		4CE0590C1BFB03CC001A3CAA /* Build configuration list for PBXNativeTarget "Talk2MeTests" */ = {
			isa = XCConfigurationList;
			buildConfigurations = (
				4CE0590D1BFB03CC001A3CAA /* Debug */,
				4CE0590E1BFB03CC001A3CAA /* Release */,
			);
			defaultConfigurationIsVisible = 0;
			defaultConfigurationName = Release;
		};
		4CE0590F1BFB03CC001A3CAA /* Build configuration list for PBXNativeTarget "Talk2MeUITests" */ = {
			isa = XCConfigurationList;
			buildConfigurations = (
				4CE059101BFB03CC001A3CAA /* Debug */,
				4CE059111BFB03CC001A3CAA /* Release */,
			);
			defaultConfigurationIsVisible = 0;
			defaultConfigurationName = Release;
		};
/* End XCConfigurationList section */
	};
	rootObject = 4CE058D41BFB03CC001A3CAA /* Project object */;
}
